// !$*UTF8*$!
{
	archiveVersion = 1;
	classes = {
	};
	objectVersion = 56;
	objects = {

/* Begin PBXBuildFile section */
		3F0A911129B0220600EE8A76 /* AppDelegate.swift in Sources */ = {isa = PBXBuildFile; fileRef = 3F0A911029B0220600EE8A76 /* AppDelegate.swift */; };
		3F0A911329B0220600EE8A76 /* SceneDelegate.swift in Sources */ = {isa = PBXBuildFile; fileRef = 3F0A911229B0220600EE8A76 /* SceneDelegate.swift */; };
		3F0A911529B0220600EE8A76 /* ViewController.swift in Sources */ = {isa = PBXBuildFile; fileRef = 3F0A911429B0220600EE8A76 /* ViewController.swift */; };
		3F0A911829B0220600EE8A76 /* Main.storyboard in Resources */ = {isa = PBXBuildFile; fileRef = 3F0A911629B0220600EE8A76 /* Main.storyboard */; };
		3F0A911A29B0220700EE8A76 /* Assets.xcassets in Resources */ = {isa = PBXBuildFile; fileRef = 3F0A911929B0220700EE8A76 /* Assets.xcassets */; };
		3F0A911D29B0220700EE8A76 /* LaunchScreen.storyboard in Resources */ = {isa = PBXBuildFile; fileRef = 3F0A911B29B0220700EE8A76 /* LaunchScreen.storyboard */; };
		3F0A912829B0220700EE8A76 /* WantedPreOnBoardingChallengeTests.swift in Sources */ = {isa = PBXBuildFile; fileRef = 3F0A912729B0220700EE8A76 /* WantedPreOnBoardingChallengeTests.swift */; };
		3F0A913229B0220700EE8A76 /* WantedPreOnBoardingChallengeUITests.swift in Sources */ = {isa = PBXBuildFile; fileRef = 3F0A913129B0220700EE8A76 /* WantedPreOnBoardingChallengeUITests.swift */; };
		3F0A913429B0220700EE8A76 /* WantedPreOnBoardingChallengeUITestsLaunchTests.swift in Sources */ = {isa = PBXBuildFile; fileRef = 3F0A913329B0220700EE8A76 /* WantedPreOnBoardingChallengeUITestsLaunchTests.swift */; };
		3F0A914229B0236400EE8A76 /* Kingfisher in Frameworks */ = {isa = PBXBuildFile; productRef = 3F0A914129B0236400EE8A76 /* Kingfisher */; };
/* End PBXBuildFile section */

/* Begin PBXContainerItemProxy section */
		3F0A912429B0220700EE8A76 /* PBXContainerItemProxy */ = {
			isa = PBXContainerItemProxy;
			containerPortal = 3F0A910529B0220600EE8A76 /* Project object */;
			proxyType = 1;
			remoteGlobalIDString = 3F0A910C29B0220600EE8A76;
			remoteInfo = WantedPreOnBoardingChallenge;
		};
		3F0A912E29B0220700EE8A76 /* PBXContainerItemProxy */ = {
			isa = PBXContainerItemProxy;
			containerPortal = 3F0A910529B0220600EE8A76 /* Project object */;
			proxyType = 1;
			remoteGlobalIDString = 3F0A910C29B0220600EE8A76;
			remoteInfo = WantedPreOnBoardingChallenge;
		};
/* End PBXContainerItemProxy section */

/* Begin PBXFileReference section */
		3F0A910D29B0220600EE8A76 /* WantedPreOnBoardingChallenge.app */ = {isa = PBXFileReference; explicitFileType = wrapper.application; includeInIndex = 0; path = WantedPreOnBoardingChallenge.app; sourceTree = BUILT_PRODUCTS_DIR; };
		3F0A911029B0220600EE8A76 /* AppDelegate.swift */ = {isa = PBXFileReference; lastKnownFileType = sourcecode.swift; path = AppDelegate.swift; sourceTree = "<group>"; };
		3F0A911229B0220600EE8A76 /* SceneDelegate.swift */ = {isa = PBXFileReference; lastKnownFileType = sourcecode.swift; path = SceneDelegate.swift; sourceTree = "<group>"; };
		3F0A911429B0220600EE8A76 /* ViewController.swift */ = {isa = PBXFileReference; lastKnownFileType = sourcecode.swift; path = ViewController.swift; sourceTree = "<group>"; };
		3F0A911729B0220600EE8A76 /* Base */ = {isa = PBXFileReference; lastKnownFileType = file.storyboard; name = Base; path = Base.lproj/Main.storyboard; sourceTree = "<group>"; };
		3F0A911929B0220700EE8A76 /* Assets.xcassets */ = {isa = PBXFileReference; lastKnownFileType = folder.assetcatalog; path = Assets.xcassets; sourceTree = "<group>"; };
		3F0A911C29B0220700EE8A76 /* Base */ = {isa = PBXFileReference; lastKnownFileType = file.storyboard; name = Base; path = Base.lproj/LaunchScreen.storyboard; sourceTree = "<group>"; };
		3F0A911E29B0220700EE8A76 /* Info.plist */ = {isa = PBXFileReference; lastKnownFileType = text.plist.xml; path = Info.plist; sourceTree = "<group>"; };
		3F0A912329B0220700EE8A76 /* WantedPreOnBoardingChallengeTests.xctest */ = {isa = PBXFileReference; explicitFileType = wrapper.cfbundle; includeInIndex = 0; path = WantedPreOnBoardingChallengeTests.xctest; sourceTree = BUILT_PRODUCTS_DIR; };
		3F0A912729B0220700EE8A76 /* WantedPreOnBoardingChallengeTests.swift */ = {isa = PBXFileReference; lastKnownFileType = sourcecode.swift; path = WantedPreOnBoardingChallengeTests.swift; sourceTree = "<group>"; };
		3F0A912D29B0220700EE8A76 /* WantedPreOnBoardingChallengeUITests.xctest */ = {isa = PBXFileReference; explicitFileType = wrapper.cfbundle; includeInIndex = 0; path = WantedPreOnBoardingChallengeUITests.xctest; sourceTree = BUILT_PRODUCTS_DIR; };
		3F0A913129B0220700EE8A76 /* WantedPreOnBoardingChallengeUITests.swift */ = {isa = PBXFileReference; lastKnownFileType = sourcecode.swift; path = WantedPreOnBoardingChallengeUITests.swift; sourceTree = "<group>"; };
		3F0A913329B0220700EE8A76 /* WantedPreOnBoardingChallengeUITestsLaunchTests.swift */ = {isa = PBXFileReference; lastKnownFileType = sourcecode.swift; path = WantedPreOnBoardingChallengeUITestsLaunchTests.swift; sourceTree = "<group>"; };
/* End PBXFileReference section */

/* Begin PBXFrameworksBuildPhase section */
		3F0A910A29B0220600EE8A76 /* Frameworks */ = {
			isa = PBXFrameworksBuildPhase;
			buildActionMask = 2147483647;
			files = (
				3F0A914229B0236400EE8A76 /* Kingfisher in Frameworks */,
			);
			runOnlyForDeploymentPostprocessing = 0;
		};
		3F0A912029B0220700EE8A76 /* Frameworks */ = {
			isa = PBXFrameworksBuildPhase;
			buildActionMask = 2147483647;
			files = (
			);
			runOnlyForDeploymentPostprocessing = 0;
		};
		3F0A912A29B0220700EE8A76 /* Frameworks */ = {
			isa = PBXFrameworksBuildPhase;
			buildActionMask = 2147483647;
			files = (
			);
			runOnlyForDeploymentPostprocessing = 0;
		};
/* End PBXFrameworksBuildPhase section */

/* Begin PBXGroup section */
		3F0A910429B0220600EE8A76 = {
			isa = PBXGroup;
			children = (
				3F0A910F29B0220600EE8A76 /* WantedPreOnBoardingChallenge */,
				3F0A912629B0220700EE8A76 /* WantedPreOnBoardingChallengeTests */,
				3F0A913029B0220700EE8A76 /* WantedPreOnBoardingChallengeUITests */,
				3F0A910E29B0220600EE8A76 /* Products */,
			);
			sourceTree = "<group>";
		};
		3F0A910E29B0220600EE8A76 /* Products */ = {
			isa = PBXGroup;
			children = (
				3F0A910D29B0220600EE8A76 /* WantedPreOnBoardingChallenge.app */,
				3F0A912329B0220700EE8A76 /* WantedPreOnBoardingChallengeTests.xctest */,
				3F0A912D29B0220700EE8A76 /* WantedPreOnBoardingChallengeUITests.xctest */,
			);
			name = Products;
			sourceTree = "<group>";
		};
		3F0A910F29B0220600EE8A76 /* WantedPreOnBoardingChallenge */ = {
			isa = PBXGroup;
			children = (
				3F0A911029B0220600EE8A76 /* AppDelegate.swift */,
				3F0A911229B0220600EE8A76 /* SceneDelegate.swift */,
				3F0A911429B0220600EE8A76 /* ViewController.swift */,
				3F0A911629B0220600EE8A76 /* Main.storyboard */,
				3F0A911929B0220700EE8A76 /* Assets.xcassets */,
				3F0A911B29B0220700EE8A76 /* LaunchScreen.storyboard */,
				3F0A911E29B0220700EE8A76 /* Info.plist */,
			);
			path = WantedPreOnBoardingChallenge;
			sourceTree = "<group>";
		};
		3F0A912629B0220700EE8A76 /* WantedPreOnBoardingChallengeTests */ = {
			isa = PBXGroup;
			children = (
				3F0A912729B0220700EE8A76 /* WantedPreOnBoardingChallengeTests.swift */,
			);
			path = WantedPreOnBoardingChallengeTests;
			sourceTree = "<group>";
		};
		3F0A913029B0220700EE8A76 /* WantedPreOnBoardingChallengeUITests */ = {
			isa = PBXGroup;
			children = (
				3F0A913129B0220700EE8A76 /* WantedPreOnBoardingChallengeUITests.swift */,
				3F0A913329B0220700EE8A76 /* WantedPreOnBoardingChallengeUITestsLaunchTests.swift */,
			);
			path = WantedPreOnBoardingChallengeUITests;
			sourceTree = "<group>";
		};
/* End PBXGroup section */

/* Begin PBXNativeTarget section */
		3F0A910C29B0220600EE8A76 /* WantedPreOnBoardingChallenge */ = {
			isa = PBXNativeTarget;
			buildConfigurationList = 3F0A913729B0220700EE8A76 /* Build configuration list for PBXNativeTarget "WantedPreOnBoardingChallenge" */;
			buildPhases = (
				3F0A910929B0220600EE8A76 /* Sources */,
				3F0A910A29B0220600EE8A76 /* Frameworks */,
				3F0A910B29B0220600EE8A76 /* Resources */,
			);
			buildRules = (
			);
			dependencies = (
			);
			name = WantedPreOnBoardingChallenge;
			packageProductDependencies = (
				3F0A914129B0236400EE8A76 /* Kingfisher */,
			);
			productName = WantedPreOnBoardingChallenge;
			productReference = 3F0A910D29B0220600EE8A76 /* WantedPreOnBoardingChallenge.app */;
			productType = "com.apple.product-type.application";
		};
		3F0A912229B0220700EE8A76 /* WantedPreOnBoardingChallengeTests */ = {
			isa = PBXNativeTarget;
			buildConfigurationList = 3F0A913A29B0220700EE8A76 /* Build configuration list for PBXNativeTarget "WantedPreOnBoardingChallengeTests" */;
			buildPhases = (
				3F0A911F29B0220700EE8A76 /* Sources */,
				3F0A912029B0220700EE8A76 /* Frameworks */,
				3F0A912129B0220700EE8A76 /* Resources */,
			);
			buildRules = (
			);
			dependencies = (
				3F0A912529B0220700EE8A76 /* PBXTargetDependency */,
			);
			name = WantedPreOnBoardingChallengeTests;
			productName = WantedPreOnBoardingChallengeTests;
			productReference = 3F0A912329B0220700EE8A76 /* WantedPreOnBoardingChallengeTests.xctest */;
			productType = "com.apple.product-type.bundle.unit-test";
		};
		3F0A912C29B0220700EE8A76 /* WantedPreOnBoardingChallengeUITests */ = {
			isa = PBXNativeTarget;
			buildConfigurationList = 3F0A913D29B0220700EE8A76 /* Build configuration list for PBXNativeTarget "WantedPreOnBoardingChallengeUITests" */;
			buildPhases = (
				3F0A912929B0220700EE8A76 /* Sources */,
				3F0A912A29B0220700EE8A76 /* Frameworks */,
				3F0A912B29B0220700EE8A76 /* Resources */,
			);
			buildRules = (
			);
			dependencies = (
				3F0A912F29B0220700EE8A76 /* PBXTargetDependency */,
			);
			name = WantedPreOnBoardingChallengeUITests;
			productName = WantedPreOnBoardingChallengeUITests;
			productReference = 3F0A912D29B0220700EE8A76 /* WantedPreOnBoardingChallengeUITests.xctest */;
			productType = "com.apple.product-type.bundle.ui-testing";
		};
/* End PBXNativeTarget section */

/* Begin PBXProject section */
		3F0A910529B0220600EE8A76 /* Project object */ = {
			isa = PBXProject;
			attributes = {
				BuildIndependentTargetsInParallel = 1;
				LastSwiftUpdateCheck = 1420;
				LastUpgradeCheck = 1420;
				TargetAttributes = {
					3F0A910C29B0220600EE8A76 = {
						CreatedOnToolsVersion = 14.2;
					};
					3F0A912229B0220700EE8A76 = {
						CreatedOnToolsVersion = 14.2;
						TestTargetID = 3F0A910C29B0220600EE8A76;
					};
					3F0A912C29B0220700EE8A76 = {
						CreatedOnToolsVersion = 14.2;
						TestTargetID = 3F0A910C29B0220600EE8A76;
					};
				};
			};
			buildConfigurationList = 3F0A910829B0220600EE8A76 /* Build configuration list for PBXProject "WantedPreOnBoardingChallenge" */;
			compatibilityVersion = "Xcode 14.0";
			developmentRegion = en;
			hasScannedForEncodings = 0;
			knownRegions = (
				en,
				Base,
			);
			mainGroup = 3F0A910429B0220600EE8A76;
			packageReferences = (
				3F0A914029B0236400EE8A76 /* XCRemoteSwiftPackageReference "Kingfisher" */,
			);
			productRefGroup = 3F0A910E29B0220600EE8A76 /* Products */;
			projectDirPath = "";
			projectRoot = "";
			targets = (
				3F0A910C29B0220600EE8A76 /* WantedPreOnBoardingChallenge */,
				3F0A912229B0220700EE8A76 /* WantedPreOnBoardingChallengeTests */,
				3F0A912C29B0220700EE8A76 /* WantedPreOnBoardingChallengeUITests */,
			);
		};
/* End PBXProject section */

/* Begin PBXResourcesBuildPhase section */
		3F0A910B29B0220600EE8A76 /* Resources */ = {
			isa = PBXResourcesBuildPhase;
			buildActionMask = 2147483647;
			files = (
				3F0A911D29B0220700EE8A76 /* LaunchScreen.storyboard in Resources */,
				3F0A911A29B0220700EE8A76 /* Assets.xcassets in Resources */,
				3F0A911829B0220600EE8A76 /* Main.storyboard in Resources */,
			);
			runOnlyForDeploymentPostprocessing = 0;
		};
		3F0A912129B0220700EE8A76 /* Resources */ = {
			isa = PBXResourcesBuildPhase;
			buildActionMask = 2147483647;
			files = (
			);
			runOnlyForDeploymentPostprocessing = 0;
		};
		3F0A912B29B0220700EE8A76 /* Resources */ = {
			isa = PBXResourcesBuildPhase;
			buildActionMask = 2147483647;
			files = (
			);
			runOnlyForDeploymentPostprocessing = 0;
		};
/* End PBXResourcesBuildPhase section */

/* Begin PBXSourcesBuildPhase section */
		3F0A910929B0220600EE8A76 /* Sources */ = {
			isa = PBXSourcesBuildPhase;
			buildActionMask = 2147483647;
			files = (
				3F0A911529B0220600EE8A76 /* ViewController.swift in Sources */,
				3F0A911129B0220600EE8A76 /* AppDelegate.swift in Sources */,
				3F0A911329B0220600EE8A76 /* SceneDelegate.swift in Sources */,
			);
			runOnlyForDeploymentPostprocessing = 0;
		};
		3F0A911F29B0220700EE8A76 /* Sources */ = {
			isa = PBXSourcesBuildPhase;
			buildActionMask = 2147483647;
			files = (
				3F0A912829B0220700EE8A76 /* WantedPreOnBoardingChallengeTests.swift in Sources */,
			);
			runOnlyForDeploymentPostprocessing = 0;
		};
		3F0A912929B0220700EE8A76 /* Sources */ = {
			isa = PBXSourcesBuildPhase;
			buildActionMask = 2147483647;
			files = (
				3F0A913429B0220700EE8A76 /* WantedPreOnBoardingChallengeUITestsLaunchTests.swift in Sources */,
				3F0A913229B0220700EE8A76 /* WantedPreOnBoardingChallengeUITests.swift in Sources */,
			);
			runOnlyForDeploymentPostprocessing = 0;
		};
/* End PBXSourcesBuildPhase section */

/* Begin PBXTargetDependency section */
		3F0A912529B0220700EE8A76 /* PBXTargetDependency */ = {
			isa = PBXTargetDependency;
			target = 3F0A910C29B0220600EE8A76 /* WantedPreOnBoardingChallenge */;
			targetProxy = 3F0A912429B0220700EE8A76 /* PBXContainerItemProxy */;
		};
		3F0A912F29B0220700EE8A76 /* PBXTargetDependency */ = {
			isa = PBXTargetDependency;
			target = 3F0A910C29B0220600EE8A76 /* WantedPreOnBoardingChallenge */;
			targetProxy = 3F0A912E29B0220700EE8A76 /* PBXContainerItemProxy */;
		};
/* End PBXTargetDependency section */

/* Begin PBXVariantGroup section */
		3F0A911629B0220600EE8A76 /* Main.storyboard */ = {
			isa = PBXVariantGroup;
			children = (
				3F0A911729B0220600EE8A76 /* Base */,
			);
			name = Main.storyboard;
			sourceTree = "<group>";
		};
		3F0A911B29B0220700EE8A76 /* LaunchScreen.storyboard */ = {
			isa = PBXVariantGroup;
			children = (
				3F0A911C29B0220700EE8A76 /* Base */,
			);
			name = LaunchScreen.storyboard;
			sourceTree = "<group>";
		};
/* End PBXVariantGroup section */

/* Begin XCBuildConfiguration section */
		3F0A913529B0220700EE8A76 /* Debug */ = {
			isa = XCBuildConfiguration;
			buildSettings = {
				ALWAYS_SEARCH_USER_PATHS = NO;
				CLANG_ANALYZER_NONNULL = YES;
				CLANG_ANALYZER_NUMBER_OBJECT_CONVERSION = YES_AGGRESSIVE;
				CLANG_CXX_LANGUAGE_STANDARD = "gnu++20";
				CLANG_ENABLE_MODULES = YES;
				CLANG_ENABLE_OBJC_ARC = YES;
				CLANG_ENABLE_OBJC_WEAK = YES;
				CLANG_WARN_BLOCK_CAPTURE_AUTORELEASING = YES;
				CLANG_WARN_BOOL_CONVERSION = YES;
				CLANG_WARN_COMMA = YES;
				CLANG_WARN_CONSTANT_CONVERSION = YES;
				CLANG_WARN_DEPRECATED_OBJC_IMPLEMENTATIONS = YES;
				CLANG_WARN_DIRECT_OBJC_ISA_USAGE = YES_ERROR;
				CLANG_WARN_DOCUMENTATION_COMMENTS = YES;
				CLANG_WARN_EMPTY_BODY = YES;
				CLANG_WARN_ENUM_CONVERSION = YES;
				CLANG_WARN_INFINITE_RECURSION = YES;
				CLANG_WARN_INT_CONVERSION = YES;
				CLANG_WARN_NON_LITERAL_NULL_CONVERSION = YES;
				CLANG_WARN_OBJC_IMPLICIT_RETAIN_SELF = YES;
				CLANG_WARN_OBJC_LITERAL_CONVERSION = YES;
				CLANG_WARN_OBJC_ROOT_CLASS = YES_ERROR;
				CLANG_WARN_QUOTED_INCLUDE_IN_FRAMEWORK_HEADER = YES;
				CLANG_WARN_RANGE_LOOP_ANALYSIS = YES;
				CLANG_WARN_STRICT_PROTOTYPES = YES;
				CLANG_WARN_SUSPICIOUS_MOVE = YES;
				CLANG_WARN_UNGUARDED_AVAILABILITY = YES_AGGRESSIVE;
				CLANG_WARN_UNREACHABLE_CODE = YES;
				CLANG_WARN__DUPLICATE_METHOD_MATCH = YES;
				COPY_PHASE_STRIP = NO;
				DEBUG_INFORMATION_FORMAT = dwarf;
				ENABLE_STRICT_OBJC_MSGSEND = YES;
				ENABLE_TESTABILITY = YES;
				GCC_C_LANGUAGE_STANDARD = gnu11;
				GCC_DYNAMIC_NO_PIC = NO;
				GCC_NO_COMMON_BLOCKS = YES;
				GCC_OPTIMIZATION_LEVEL = 0;
				GCC_PREPROCESSOR_DEFINITIONS = (
					"DEBUG=1",
					"$(inherited)",
				);
				GCC_WARN_64_TO_32_BIT_CONVERSION = YES;
				GCC_WARN_ABOUT_RETURN_TYPE = YES_ERROR;
				GCC_WARN_UNDECLARED_SELECTOR = YES;
				GCC_WARN_UNINITIALIZED_AUTOS = YES_AGGRESSIVE;
				GCC_WARN_UNUSED_FUNCTION = YES;
				GCC_WARN_UNUSED_VARIABLE = YES;
				IPHONEOS_DEPLOYMENT_TARGET = 16.2;
				MTL_ENABLE_DEBUG_INFO = INCLUDE_SOURCE;
				MTL_FAST_MATH = YES;
				ONLY_ACTIVE_ARCH = YES;
				SDKROOT = iphoneos;
				SWIFT_ACTIVE_COMPILATION_CONDITIONS = DEBUG;
				SWIFT_OPTIMIZATION_LEVEL = "-Onone";
			};
			name = Debug;
		};
		3F0A913629B0220700EE8A76 /* Release */ = {
			isa = XCBuildConfiguration;
			buildSettings = {
				ALWAYS_SEARCH_USER_PATHS = NO;
				CLANG_ANALYZER_NONNULL = YES;
				CLANG_ANALYZER_NUMBER_OBJECT_CONVERSION = YES_AGGRESSIVE;
				CLANG_CXX_LANGUAGE_STANDARD = "gnu++20";
				CLANG_ENABLE_MODULES = YES;
				CLANG_ENABLE_OBJC_ARC = YES;
				CLANG_ENABLE_OBJC_WEAK = YES;
				CLANG_WARN_BLOCK_CAPTURE_AUTORELEASING = YES;
				CLANG_WARN_BOOL_CONVERSION = YES;
				CLANG_WARN_COMMA = YES;
				CLANG_WARN_CONSTANT_CONVERSION = YES;
				CLANG_WARN_DEPRECATED_OBJC_IMPLEMENTATIONS = YES;
				CLANG_WARN_DIRECT_OBJC_ISA_USAGE = YES_ERROR;
				CLANG_WARN_DOCUMENTATION_COMMENTS = YES;
				CLANG_WARN_EMPTY_BODY = YES;
				CLANG_WARN_ENUM_CONVERSION = YES;
				CLANG_WARN_INFINITE_RECURSION = YES;
				CLANG_WARN_INT_CONVERSION = YES;
				CLANG_WARN_NON_LITERAL_NULL_CONVERSION = YES;
				CLANG_WARN_OBJC_IMPLICIT_RETAIN_SELF = YES;
				CLANG_WARN_OBJC_LITERAL_CONVERSION = YES;
				CLANG_WARN_OBJC_ROOT_CLASS = YES_ERROR;
				CLANG_WARN_QUOTED_INCLUDE_IN_FRAMEWORK_HEADER = YES;
				CLANG_WARN_RANGE_LOOP_ANALYSIS = YES;
				CLANG_WARN_STRICT_PROTOTYPES = YES;
				CLANG_WARN_SUSPICIOUS_MOVE = YES;
				CLANG_WARN_UNGUARDED_AVAILABILITY = YES_AGGRESSIVE;
				CLANG_WARN_UNREACHABLE_CODE = YES;
				CLANG_WARN__DUPLICATE_METHOD_MATCH = YES;
				COPY_PHASE_STRIP = NO;
				DEBUG_INFORMATION_FORMAT = "dwarf-with-dsym";
				ENABLE_NS_ASSERTIONS = NO;
				ENABLE_STRICT_OBJC_MSGSEND = YES;
				GCC_C_LANGUAGE_STANDARD = gnu11;
				GCC_NO_COMMON_BLOCKS = YES;
				GCC_WARN_64_TO_32_BIT_CONVERSION = YES;
				GCC_WARN_ABOUT_RETURN_TYPE = YES_ERROR;
				GCC_WARN_UNDECLARED_SELECTOR = YES;
				GCC_WARN_UNINITIALIZED_AUTOS = YES_AGGRESSIVE;
				GCC_WARN_UNUSED_FUNCTION = YES;
				GCC_WARN_UNUSED_VARIABLE = YES;
				IPHONEOS_DEPLOYMENT_TARGET = 16.2;
				MTL_ENABLE_DEBUG_INFO = NO;
				MTL_FAST_MATH = YES;
				SDKROOT = iphoneos;
				SWIFT_COMPILATION_MODE = wholemodule;
				SWIFT_OPTIMIZATION_LEVEL = "-O";
				VALIDATE_PRODUCT = YES;
			};
			name = Release;
		};
		3F0A913829B0220700EE8A76 /* Debug */ = {
			isa = XCBuildConfiguration;
			buildSettings = {
				ASSETCATALOG_COMPILER_APPICON_NAME = AppIcon;
				ASSETCATALOG_COMPILER_GLOBAL_ACCENT_COLOR_NAME = AccentColor;
				CODE_SIGN_STYLE = Automatic;
				CURRENT_PROJECT_VERSION = 1;
				DEVELOPMENT_TEAM = 6P9DVHVRR7;
				GENERATE_INFOPLIST_FILE = YES;
				INFOPLIST_FILE = WantedPreOnBoardingChallenge/Info.plist;
				INFOPLIST_KEY_UIApplicationSupportsIndirectInputEvents = YES;
				INFOPLIST_KEY_UILaunchStoryboardName = LaunchScreen;
				INFOPLIST_KEY_UIMainStoryboardFile = Main;
				INFOPLIST_KEY_UISupportedInterfaceOrientations_iPad = "UIInterfaceOrientationPortrait UIInterfaceOrientationPortraitUpsideDown UIInterfaceOrientationLandscapeLeft UIInterfaceOrientationLandscapeRight";
				INFOPLIST_KEY_UISupportedInterfaceOrientations_iPhone = "UIInterfaceOrientationPortrait UIInterfaceOrientationLandscapeLeft UIInterfaceOrientationLandscapeRight";
				LD_RUNPATH_SEARCH_PATHS = (
					"$(inherited)",
					"@executable_path/Frameworks",
				);
				MARKETING_VERSION = 1.0;
				PRODUCT_BUNDLE_IDENTIFIER = com.my0366.WantedPreOnBoardingChallenge;
				PRODUCT_NAME = "$(TARGET_NAME)";
				SWIFT_EMIT_LOC_STRINGS = YES;
				SWIFT_VERSION = 5.0;
				TARGETED_DEVICE_FAMILY = "1,2";
			};
			name = Debug;
		};
		3F0A913929B0220700EE8A76 /* Release */ = {
			isa = XCBuildConfiguration;
			buildSettings = {
				ASSETCATALOG_COMPILER_APPICON_NAME = AppIcon;
				ASSETCATALOG_COMPILER_GLOBAL_ACCENT_COLOR_NAME = AccentColor;
				CODE_SIGN_STYLE = Automatic;
				CURRENT_PROJECT_VERSION = 1;
				DEVELOPMENT_TEAM = 6P9DVHVRR7;
				GENERATE_INFOPLIST_FILE = YES;
				INFOPLIST_FILE = WantedPreOnBoardingChallenge/Info.plist;
				INFOPLIST_KEY_UIApplicationSupportsIndirectInputEvents = YES;
				INFOPLIST_KEY_UILaunchStoryboardName = LaunchScreen;
				INFOPLIST_KEY_UIMainStoryboardFile = Main;
				INFOPLIST_KEY_UISupportedInterfaceOrientations_iPad = "UIInterfaceOrientationPortrait UIInterfaceOrientationPortraitUpsideDown UIInterfaceOrientationLandscapeLeft UIInterfaceOrientationLandscapeRight";
				INFOPLIST_KEY_UISupportedInterfaceOrientations_iPhone = "UIInterfaceOrientationPortrait UIInterfaceOrientationLandscapeLeft UIInterfaceOrientationLandscapeRight";
				LD_RUNPATH_SEARCH_PATHS = (
					"$(inherited)",
					"@executable_path/Frameworks",
				);
				MARKETING_VERSION = 1.0;
				PRODUCT_BUNDLE_IDENTIFIER = com.my0366.WantedPreOnBoardingChallenge;
				PRODUCT_NAME = "$(TARGET_NAME)";
				SWIFT_EMIT_LOC_STRINGS = YES;
				SWIFT_VERSION = 5.0;
				TARGETED_DEVICE_FAMILY = "1,2";
			};
			name = Release;
		};
		3F0A913B29B0220700EE8A76 /* Debug */ = {
			isa = XCBuildConfiguration;
			buildSettings = {
				ALWAYS_EMBED_SWIFT_STANDARD_LIBRARIES = YES;
				BUNDLE_LOADER = "$(TEST_HOST)";
				CODE_SIGN_STYLE = Automatic;
				CURRENT_PROJECT_VERSION = 1;
				DEVELOPMENT_TEAM = 6P9DVHVRR7;
				GENERATE_INFOPLIST_FILE = YES;
				IPHONEOS_DEPLOYMENT_TARGET = 16.2;
				MARKETING_VERSION = 1.0;
				PRODUCT_BUNDLE_IDENTIFIER = com.my0366.WantedPreOnBoardingChallengeTests;
				PRODUCT_NAME = "$(TARGET_NAME)";
				SWIFT_EMIT_LOC_STRINGS = NO;
				SWIFT_VERSION = 5.0;
				TARGETED_DEVICE_FAMILY = "1,2";
				TEST_HOST = "$(BUILT_PRODUCTS_DIR)/WantedPreOnBoardingChallenge.app/$(BUNDLE_EXECUTABLE_FOLDER_PATH)/WantedPreOnBoardingChallenge";
			};
			name = Debug;
		};
		3F0A913C29B0220700EE8A76 /* Release */ = {
			isa = XCBuildConfiguration;
			buildSettings = {
				ALWAYS_EMBED_SWIFT_STANDARD_LIBRARIES = YES;
				BUNDLE_LOADER = "$(TEST_HOST)";
				CODE_SIGN_STYLE = Automatic;
				CURRENT_PROJECT_VERSION = 1;
				DEVELOPMENT_TEAM = 6P9DVHVRR7;
				GENERATE_INFOPLIST_FILE = YES;
				IPHONEOS_DEPLOYMENT_TARGET = 16.2;
				MARKETING_VERSION = 1.0;
				PRODUCT_BUNDLE_IDENTIFIER = com.my0366.WantedPreOnBoardingChallengeTests;
				PRODUCT_NAME = "$(TARGET_NAME)";
				SWIFT_EMIT_LOC_STRINGS = NO;
				SWIFT_VERSION = 5.0;
				TARGETED_DEVICE_FAMILY = "1,2";
				TEST_HOST = "$(BUILT_PRODUCTS_DIR)/WantedPreOnBoardingChallenge.app/$(BUNDLE_EXECUTABLE_FOLDER_PATH)/WantedPreOnBoardingChallenge";
			};
			name = Release;
		};
		3F0A913E29B0220700EE8A76 /* Debug */ = {
			isa = XCBuildConfiguration;
			buildSettings = {
				ALWAYS_EMBED_SWIFT_STANDARD_LIBRARIES = YES;
				CODE_SIGN_STYLE = Automatic;
				CURRENT_PROJECT_VERSION = 1;
				DEVELOPMENT_TEAM = 6P9DVHVRR7;
				GENERATE_INFOPLIST_FILE = YES;
				MARKETING_VERSION = 1.0;
				PRODUCT_BUNDLE_IDENTIFIER = com.my0366.WantedPreOnBoardingChallengeUITests;
				PRODUCT_NAME = "$(TARGET_NAME)";
				SWIFT_EMIT_LOC_STRINGS = NO;
				SWIFT_VERSION = 5.0;
				TARGETED_DEVICE_FAMILY = "1,2";
				TEST_TARGET_NAME = WantedPreOnBoardingChallenge;
			};
			name = Debug;
		};
		3F0A913F29B0220700EE8A76 /* Release */ = {
			isa = XCBuildConfiguration;
			buildSettings = {
				ALWAYS_EMBED_SWIFT_STANDARD_LIBRARIES = YES;
				CODE_SIGN_STYLE = Automatic;
				CURRENT_PROJECT_VERSION = 1;
				DEVELOPMENT_TEAM = 6P9DVHVRR7;
				GENERATE_INFOPLIST_FILE = YES;
				MARKETING_VERSION = 1.0;
				PRODUCT_BUNDLE_IDENTIFIER = com.my0366.WantedPreOnBoardingChallengeUITests;
				PRODUCT_NAME = "$(TARGET_NAME)";
				SWIFT_EMIT_LOC_STRINGS = NO;
				SWIFT_VERSION = 5.0;
				TARGETED_DEVICE_FAMILY = "1,2";
				TEST_TARGET_NAME = WantedPreOnBoardingChallenge;
			};
			name = Release;
		};
/* End XCBuildConfiguration section */

/* Begin XCConfigurationList section */
		3F0A910829B0220600EE8A76 /* Build configuration list for PBXProject "WantedPreOnBoardingChallenge" */ = {
			isa = XCConfigurationList;
			buildConfigurations = (
				3F0A913529B0220700EE8A76 /* Debug */,
				3F0A913629B0220700EE8A76 /* Release */,
			);
			defaultConfigurationIsVisible = 0;
			defaultConfigurationName = Release;
		};
		3F0A913729B0220700EE8A76 /* Build configuration list for PBXNativeTarget "WantedPreOnBoardingChallenge" */ = {
			isa = XCConfigurationList;
			buildConfigurations = (
				3F0A913829B0220700EE8A76 /* Debug */,
				3F0A913929B0220700EE8A76 /* Release */,
			);
			defaultConfigurationIsVisible = 0;
			defaultConfigurationName = Release;
		};
		3F0A913A29B0220700EE8A76 /* Build configuration list for PBXNativeTarget "WantedPreOnBoardingChallengeTests" */ = {
			isa = XCConfigurationList;
			buildConfigurations = (
				3F0A913B29B0220700EE8A76 /* Debug */,
				3F0A913C29B0220700EE8A76 /* Release */,
			);
			defaultConfigurationIsVisible = 0;
			defaultConfigurationName = Release;
		};
		3F0A913D29B0220700EE8A76 /* Build configuration list for PBXNativeTarget "WantedPreOnBoardingChallengeUITests" */ = {
			isa = XCConfigurationList;
			buildConfigurations = (
				3F0A913E29B0220700EE8A76 /* Debug */,
				3F0A913F29B0220700EE8A76 /* Release */,
			);
			defaultConfigurationIsVisible = 0;
			defaultConfigurationName = Release;
		};
/* End XCConfigurationList section */

/* Begin XCRemoteSwiftPackageReference section */
		3F0A914029B0236400EE8A76 /* XCRemoteSwiftPackageReference "Kingfisher" */ = {
			isa = XCRemoteSwiftPackageReference;
			repositoryURL = "https://github.com/onevcat/Kingfisher.git";
			requirement = {
				kind = upToNextMajorVersion;
				minimumVersion = 7.0.0;
			};
		};
/* End XCRemoteSwiftPackageReference section */

/* Begin XCSwiftPackageProductDependency section */
		3F0A914129B0236400EE8A76 /* Kingfisher */ = {
			isa = XCSwiftPackageProductDependency;
			package = 3F0A914029B0236400EE8A76 /* XCRemoteSwiftPackageReference "Kingfisher" */;
			productName = Kingfisher;
		};
/* End XCSwiftPackageProductDependency section */
	};
	rootObject = 3F0A910529B0220600EE8A76 /* Project object */;
}
